// !$*UTF8*$!
{
	archiveVersion = 1;
	classes = {
	};
	objectVersion = 56;
	objects = {

/* Begin PBXBuildFile section */
		885A4E4C2B2DFCE800033B10 /* AppDelegate.swift in Sources */ = {isa = PBXBuildFile; fileRef = 885A4E4B2B2DFCE800033B10 /* AppDelegate.swift */; };
		885A4E532B2DFCE800033B10 /* Main.storyboard in Resources */ = {isa = PBXBuildFile; fileRef = 885A4E512B2DFCE800033B10 /* Main.storyboard */; };
		885A4E552B2DFCE900033B10 /* Assets.xcassets in Resources */ = {isa = PBXBuildFile; fileRef = 885A4E542B2DFCE900033B10 /* Assets.xcassets */; };
		885A4E582B2DFCE900033B10 /* LaunchScreen.storyboard in Resources */ = {isa = PBXBuildFile; fileRef = 885A4E562B2DFCE900033B10 /* LaunchScreen.storyboard */; };
		885A4E632B2DFCE900033B10 /* plantyAppTests.swift in Sources */ = {isa = PBXBuildFile; fileRef = 885A4E622B2DFCE900033B10 /* plantyAppTests.swift */; };
		885A4E6D2B2DFCE900033B10 /* plantyAppUITests.swift in Sources */ = {isa = PBXBuildFile; fileRef = 885A4E6C2B2DFCE900033B10 /* plantyAppUITests.swift */; };
		885A4E6F2B2DFCE900033B10 /* plantyAppUITestsLaunchTests.swift in Sources */ = {isa = PBXBuildFile; fileRef = 885A4E6E2B2DFCE900033B10 /* plantyAppUITestsLaunchTests.swift */; };
		885A4E7D2B2DFEFA00033B10 /* PlantTabBarViewController.swift in Sources */ = {isa = PBXBuildFile; fileRef = 885A4E7C2B2DFEFA00033B10 /* PlantTabBarViewController.swift */; };
		885A4E812B2DFF7900033B10 /* EmptyViewController.swift in Sources */ = {isa = PBXBuildFile; fileRef = 885A4E802B2DFF7900033B10 /* EmptyViewController.swift */; };
		885A4E842B2E00A000033B10 /* HomeViewController.swift in Sources */ = {isa = PBXBuildFile; fileRef = 885A4E832B2E00A000033B10 /* HomeViewController.swift */; };
		885A4E862B2E00A500033B10 /* HomeViewModel.swift in Sources */ = {isa = PBXBuildFile; fileRef = 885A4E852B2E00A500033B10 /* HomeViewModel.swift */; };
		885A4E8B2B2E03D000033B10 /* UIImage+Extension.swift in Sources */ = {isa = PBXBuildFile; fileRef = 885A4E8A2B2E03D000033B10 /* UIImage+Extension.swift */; };
/* End PBXBuildFile section */

/* Begin PBXContainerItemProxy section */
		885A4E5F2B2DFCE900033B10 /* PBXContainerItemProxy */ = {
			isa = PBXContainerItemProxy;
			containerPortal = 885A4E402B2DFCE800033B10 /* Project object */;
			proxyType = 1;
			remoteGlobalIDString = 885A4E472B2DFCE800033B10;
			remoteInfo = plantyApp;
		};
		885A4E692B2DFCE900033B10 /* PBXContainerItemProxy */ = {
			isa = PBXContainerItemProxy;
			containerPortal = 885A4E402B2DFCE800033B10 /* Project object */;
			proxyType = 1;
			remoteGlobalIDString = 885A4E472B2DFCE800033B10;
			remoteInfo = plantyApp;
		};
/* End PBXContainerItemProxy section */

/* Begin PBXFileReference section */
		885A4E482B2DFCE800033B10 /* plantyApp.app */ = {isa = PBXFileReference; explicitFileType = wrapper.application; includeInIndex = 0; path = plantyApp.app; sourceTree = BUILT_PRODUCTS_DIR; };
		885A4E4B2B2DFCE800033B10 /* AppDelegate.swift */ = {isa = PBXFileReference; lastKnownFileType = sourcecode.swift; path = AppDelegate.swift; sourceTree = "<group>"; };
		885A4E522B2DFCE800033B10 /* Base */ = {isa = PBXFileReference; lastKnownFileType = file.storyboard; name = Base; path = Base.lproj/Main.storyboard; sourceTree = "<group>"; };
		885A4E542B2DFCE900033B10 /* Assets.xcassets */ = {isa = PBXFileReference; lastKnownFileType = folder.assetcatalog; path = Assets.xcassets; sourceTree = "<group>"; };
		885A4E572B2DFCE900033B10 /* Base */ = {isa = PBXFileReference; lastKnownFileType = file.storyboard; name = Base; path = Base.lproj/LaunchScreen.storyboard; sourceTree = "<group>"; };
		885A4E592B2DFCE900033B10 /* Info.plist */ = {isa = PBXFileReference; lastKnownFileType = text.plist.xml; path = Info.plist; sourceTree = "<group>"; };
		885A4E5E2B2DFCE900033B10 /* plantyAppTests.xctest */ = {isa = PBXFileReference; explicitFileType = wrapper.cfbundle; includeInIndex = 0; path = plantyAppTests.xctest; sourceTree = BUILT_PRODUCTS_DIR; };
		885A4E622B2DFCE900033B10 /* plantyAppTests.swift */ = {isa = PBXFileReference; lastKnownFileType = sourcecode.swift; path = plantyAppTests.swift; sourceTree = "<group>"; };
		885A4E682B2DFCE900033B10 /* plantyAppUITests.xctest */ = {isa = PBXFileReference; explicitFileType = wrapper.cfbundle; includeInIndex = 0; path = plantyAppUITests.xctest; sourceTree = BUILT_PRODUCTS_DIR; };
		885A4E6C2B2DFCE900033B10 /* plantyAppUITests.swift */ = {isa = PBXFileReference; lastKnownFileType = sourcecode.swift; path = plantyAppUITests.swift; sourceTree = "<group>"; };
		885A4E6E2B2DFCE900033B10 /* plantyAppUITestsLaunchTests.swift */ = {isa = PBXFileReference; lastKnownFileType = sourcecode.swift; path = plantyAppUITestsLaunchTests.swift; sourceTree = "<group>"; };
		885A4E7C2B2DFEFA00033B10 /* PlantTabBarViewController.swift */ = {isa = PBXFileReference; lastKnownFileType = sourcecode.swift; path = PlantTabBarViewController.swift; sourceTree = "<group>"; };
		885A4E802B2DFF7900033B10 /* EmptyViewController.swift */ = {isa = PBXFileReference; lastKnownFileType = sourcecode.swift; path = EmptyViewController.swift; sourceTree = "<group>"; };
		885A4E832B2E00A000033B10 /* HomeViewController.swift */ = {isa = PBXFileReference; lastKnownFileType = sourcecode.swift; path = HomeViewController.swift; sourceTree = "<group>"; };
		885A4E852B2E00A500033B10 /* HomeViewModel.swift */ = {isa = PBXFileReference; lastKnownFileType = sourcecode.swift; path = HomeViewModel.swift; sourceTree = "<group>"; };
		885A4E8A2B2E03D000033B10 /* UIImage+Extension.swift */ = {isa = PBXFileReference; lastKnownFileType = sourcecode.swift; path = "UIImage+Extension.swift"; sourceTree = "<group>"; };
/* End PBXFileReference section */

/* Begin PBXFrameworksBuildPhase section */
		885A4E452B2DFCE800033B10 /* Frameworks */ = {
			isa = PBXFrameworksBuildPhase;
			buildActionMask = 2147483647;
			files = (
			);
			runOnlyForDeploymentPostprocessing = 0;
		};
		885A4E5B2B2DFCE900033B10 /* Frameworks */ = {
			isa = PBXFrameworksBuildPhase;
			buildActionMask = 2147483647;
			files = (
			);
			runOnlyForDeploymentPostprocessing = 0;
		};
		885A4E652B2DFCE900033B10 /* Frameworks */ = {
			isa = PBXFrameworksBuildPhase;
			buildActionMask = 2147483647;
			files = (
			);
			runOnlyForDeploymentPostprocessing = 0;
		};
/* End PBXFrameworksBuildPhase section */

/* Begin PBXGroup section */
		885A4E3F2B2DFCE800033B10 = {
			isa = PBXGroup;
			children = (
				885A4E4A2B2DFCE800033B10 /* plantyApp */,
				885A4E612B2DFCE900033B10 /* plantyAppTests */,
				885A4E6B2B2DFCE900033B10 /* plantyAppUITests */,
				885A4E492B2DFCE800033B10 /* Products */,
			);
			sourceTree = "<group>";
		};
		885A4E492B2DFCE800033B10 /* Products */ = {
			isa = PBXGroup;
			children = (
				885A4E482B2DFCE800033B10 /* plantyApp.app */,
				885A4E5E2B2DFCE900033B10 /* plantyAppTests.xctest */,
				885A4E682B2DFCE900033B10 /* plantyAppUITests.xctest */,
			);
			name = Products;
			sourceTree = "<group>";
		};
		885A4E4A2B2DFCE800033B10 /* plantyApp */ = {
			isa = PBXGroup;
			children = (
				885A4E892B2E03C500033B10 /* Extensions */,
				885A4E882B2E02BA00033B10 /* Assets */,
				885A4E872B2E02AD00033B10 /* AppDelegate */,
				885A4E7B2B2DFEE600033B10 /* Tabbar */,
				885A4E822B2E009600033B10 /* Home */,
				885A4E512B2DFCE800033B10 /* Main.storyboard */,
				885A4E562B2DFCE900033B10 /* LaunchScreen.storyboard */,
				885A4E592B2DFCE900033B10 /* Info.plist */,
			);
			path = plantyApp;
			sourceTree = "<group>";
		};
		885A4E612B2DFCE900033B10 /* plantyAppTests */ = {
			isa = PBXGroup;
			children = (
				885A4E622B2DFCE900033B10 /* plantyAppTests.swift */,
			);
			path = plantyAppTests;
			sourceTree = "<group>";
		};
		885A4E6B2B2DFCE900033B10 /* plantyAppUITests */ = {
			isa = PBXGroup;
			children = (
				885A4E6C2B2DFCE900033B10 /* plantyAppUITests.swift */,
				885A4E6E2B2DFCE900033B10 /* plantyAppUITestsLaunchTests.swift */,
			);
			path = plantyAppUITests;
			sourceTree = "<group>";
		};
		885A4E7B2B2DFEE600033B10 /* Tabbar */ = {
			isa = PBXGroup;
			children = (
				885A4E7C2B2DFEFA00033B10 /* PlantTabBarViewController.swift */,
				885A4E802B2DFF7900033B10 /* EmptyViewController.swift */,
			);
			path = Tabbar;
			sourceTree = "<group>";
		};
		885A4E822B2E009600033B10 /* Home */ = {
			isa = PBXGroup;
			children = (
				885A4E832B2E00A000033B10 /* HomeViewController.swift */,
				885A4E852B2E00A500033B10 /* HomeViewModel.swift */,
			);
			path = Home;
			sourceTree = "<group>";
		};
		885A4E872B2E02AD00033B10 /* AppDelegate */ = {
			isa = PBXGroup;
			children = (
				885A4E4B2B2DFCE800033B10 /* AppDelegate.swift */,
			);
			path = AppDelegate;
			sourceTree = "<group>";
		};
		885A4E882B2E02BA00033B10 /* Assets */ = {
			isa = PBXGroup;
			children = (
				885A4E542B2DFCE900033B10 /* Assets.xcassets */,
			);
			path = Assets;
			sourceTree = "<group>";
		};
		885A4E892B2E03C500033B10 /* Extensions */ = {
			isa = PBXGroup;
			children = (
				885A4E8A2B2E03D000033B10 /* UIImage+Extension.swift */,
			);
			path = Extensions;
			sourceTree = "<group>";
		};
/* End PBXGroup section */

/* Begin PBXNativeTarget section */
		885A4E472B2DFCE800033B10 /* plantyApp */ = {
			isa = PBXNativeTarget;
			buildConfigurationList = 885A4E722B2DFCE900033B10 /* Build configuration list for PBXNativeTarget "plantyApp" */;
			buildPhases = (
				885A4E442B2DFCE800033B10 /* Sources */,
				885A4E452B2DFCE800033B10 /* Frameworks */,
				885A4E462B2DFCE800033B10 /* Resources */,
			);
			buildRules = (
			);
			dependencies = (
			);
			name = plantyApp;
			productName = plantyApp;
			productReference = 885A4E482B2DFCE800033B10 /* plantyApp.app */;
			productType = "com.apple.product-type.application";
		};
		885A4E5D2B2DFCE900033B10 /* plantyAppTests */ = {
			isa = PBXNativeTarget;
			buildConfigurationList = 885A4E752B2DFCE900033B10 /* Build configuration list for PBXNativeTarget "plantyAppTests" */;
			buildPhases = (
				885A4E5A2B2DFCE900033B10 /* Sources */,
				885A4E5B2B2DFCE900033B10 /* Frameworks */,
				885A4E5C2B2DFCE900033B10 /* Resources */,
			);
			buildRules = (
			);
			dependencies = (
				885A4E602B2DFCE900033B10 /* PBXTargetDependency */,
			);
			name = plantyAppTests;
			productName = plantyAppTests;
			productReference = 885A4E5E2B2DFCE900033B10 /* plantyAppTests.xctest */;
			productType = "com.apple.product-type.bundle.unit-test";
		};
		885A4E672B2DFCE900033B10 /* plantyAppUITests */ = {
			isa = PBXNativeTarget;
			buildConfigurationList = 885A4E782B2DFCE900033B10 /* Build configuration list for PBXNativeTarget "plantyAppUITests" */;
			buildPhases = (
				885A4E642B2DFCE900033B10 /* Sources */,
				885A4E652B2DFCE900033B10 /* Frameworks */,
				885A4E662B2DFCE900033B10 /* Resources */,
			);
			buildRules = (
			);
			dependencies = (
				885A4E6A2B2DFCE900033B10 /* PBXTargetDependency */,
			);
			name = plantyAppUITests;
			productName = plantyAppUITests;
			productReference = 885A4E682B2DFCE900033B10 /* plantyAppUITests.xctest */;
			productType = "com.apple.product-type.bundle.ui-testing";
		};
/* End PBXNativeTarget section */

/* Begin PBXProject section */
		885A4E402B2DFCE800033B10 /* Project object */ = {
			isa = PBXProject;
			attributes = {
				BuildIndependentTargetsInParallel = 1;
				LastSwiftUpdateCheck = 1500;
				LastUpgradeCheck = 1500;
				TargetAttributes = {
					885A4E472B2DFCE800033B10 = {
						CreatedOnToolsVersion = 15.0.1;
					};
					885A4E5D2B2DFCE900033B10 = {
						CreatedOnToolsVersion = 15.0.1;
						TestTargetID = 885A4E472B2DFCE800033B10;
					};
					885A4E672B2DFCE900033B10 = {
						CreatedOnToolsVersion = 15.0.1;
						TestTargetID = 885A4E472B2DFCE800033B10;
					};
				};
			};
			buildConfigurationList = 885A4E432B2DFCE800033B10 /* Build configuration list for PBXProject "plantyApp" */;
			compatibilityVersion = "Xcode 14.0";
			developmentRegion = en;
			hasScannedForEncodings = 0;
			knownRegions = (
				en,
				Base,
			);
			mainGroup = 885A4E3F2B2DFCE800033B10;
			productRefGroup = 885A4E492B2DFCE800033B10 /* Products */;
			projectDirPath = "";
			projectRoot = "";
			targets = (
				885A4E472B2DFCE800033B10 /* plantyApp */,
				885A4E5D2B2DFCE900033B10 /* plantyAppTests */,
				885A4E672B2DFCE900033B10 /* plantyAppUITests */,
			);
		};
/* End PBXProject section */

/* Begin PBXResourcesBuildPhase section */
		885A4E462B2DFCE800033B10 /* Resources */ = {
			isa = PBXResourcesBuildPhase;
			buildActionMask = 2147483647;
			files = (
				885A4E582B2DFCE900033B10 /* LaunchScreen.storyboard in Resources */,
				885A4E552B2DFCE900033B10 /* Assets.xcassets in Resources */,
				885A4E532B2DFCE800033B10 /* Main.storyboard in Resources */,
			);
			runOnlyForDeploymentPostprocessing = 0;
		};
		885A4E5C2B2DFCE900033B10 /* Resources */ = {
			isa = PBXResourcesBuildPhase;
			buildActionMask = 2147483647;
			files = (
			);
			runOnlyForDeploymentPostprocessing = 0;
		};
		885A4E662B2DFCE900033B10 /* Resources */ = {
			isa = PBXResourcesBuildPhase;
			buildActionMask = 2147483647;
			files = (
			);
			runOnlyForDeploymentPostprocessing = 0;
		};
/* End PBXResourcesBuildPhase section */

/* Begin PBXSourcesBuildPhase section */
		885A4E442B2DFCE800033B10 /* Sources */ = {
			isa = PBXSourcesBuildPhase;
			buildActionMask = 2147483647;
			files = (
				885A4E842B2E00A000033B10 /* HomeViewController.swift in Sources */,
				885A4E8B2B2E03D000033B10 /* UIImage+Extension.swift in Sources */,
				885A4E862B2E00A500033B10 /* HomeViewModel.swift in Sources */,
				885A4E812B2DFF7900033B10 /* EmptyViewController.swift in Sources */,
				885A4E4C2B2DFCE800033B10 /* AppDelegate.swift in Sources */,
				885A4E7D2B2DFEFA00033B10 /* PlantTabBarViewController.swift in Sources */,
			);
			runOnlyForDeploymentPostprocessing = 0;
		};
		885A4E5A2B2DFCE900033B10 /* Sources */ = {
			isa = PBXSourcesBuildPhase;
			buildActionMask = 2147483647;
			files = (
				885A4E632B2DFCE900033B10 /* plantyAppTests.swift in Sources */,
			);
			runOnlyForDeploymentPostprocessing = 0;
		};
		885A4E642B2DFCE900033B10 /* Sources */ = {
			isa = PBXSourcesBuildPhase;
			buildActionMask = 2147483647;
			files = (
				885A4E6F2B2DFCE900033B10 /* plantyAppUITestsLaunchTests.swift in Sources */,
				885A4E6D2B2DFCE900033B10 /* plantyAppUITests.swift in Sources */,
			);
			runOnlyForDeploymentPostprocessing = 0;
		};
/* End PBXSourcesBuildPhase section */

/* Begin PBXTargetDependency section */
		885A4E602B2DFCE900033B10 /* PBXTargetDependency */ = {
			isa = PBXTargetDependency;
			target = 885A4E472B2DFCE800033B10 /* plantyApp */;
			targetProxy = 885A4E5F2B2DFCE900033B10 /* PBXContainerItemProxy */;
		};
		885A4E6A2B2DFCE900033B10 /* PBXTargetDependency */ = {
			isa = PBXTargetDependency;
			target = 885A4E472B2DFCE800033B10 /* plantyApp */;
			targetProxy = 885A4E692B2DFCE900033B10 /* PBXContainerItemProxy */;
		};
/* End PBXTargetDependency section */

/* Begin PBXVariantGroup section */
		885A4E512B2DFCE800033B10 /* Main.storyboard */ = {
			isa = PBXVariantGroup;
			children = (
				885A4E522B2DFCE800033B10 /* Base */,
			);
			name = Main.storyboard;
			sourceTree = "<group>";
		};
		885A4E562B2DFCE900033B10 /* LaunchScreen.storyboard */ = {
			isa = PBXVariantGroup;
			children = (
				885A4E572B2DFCE900033B10 /* Base */,
			);
			name = LaunchScreen.storyboard;
			sourceTree = "<group>";
		};
/* End PBXVariantGroup section */

/* Begin XCBuildConfiguration section */
		885A4E702B2DFCE900033B10 /* Debug */ = {
			isa = XCBuildConfiguration;
			buildSettings = {
				ALWAYS_SEARCH_USER_PATHS = NO;
				ASSETCATALOG_COMPILER_GENERATE_SWIFT_ASSET_SYMBOL_EXTENSIONS = YES;
				CLANG_ANALYZER_NONNULL = YES;
				CLANG_ANALYZER_NUMBER_OBJECT_CONVERSION = YES_AGGRESSIVE;
				CLANG_CXX_LANGUAGE_STANDARD = "gnu++20";
				CLANG_ENABLE_MODULES = YES;
				CLANG_ENABLE_OBJC_ARC = YES;
				CLANG_ENABLE_OBJC_WEAK = YES;
				CLANG_WARN_BLOCK_CAPTURE_AUTORELEASING = YES;
				CLANG_WARN_BOOL_CONVERSION = YES;
				CLANG_WARN_COMMA = YES;
				CLANG_WARN_CONSTANT_CONVERSION = YES;
				CLANG_WARN_DEPRECATED_OBJC_IMPLEMENTATIONS = YES;
				CLANG_WARN_DIRECT_OBJC_ISA_USAGE = YES_ERROR;
				CLANG_WARN_DOCUMENTATION_COMMENTS = YES;
				CLANG_WARN_EMPTY_BODY = YES;
				CLANG_WARN_ENUM_CONVERSION = YES;
				CLANG_WARN_INFINITE_RECURSION = YES;
				CLANG_WARN_INT_CONVERSION = YES;
				CLANG_WARN_NON_LITERAL_NULL_CONVERSION = YES;
				CLANG_WARN_OBJC_IMPLICIT_RETAIN_SELF = YES;
				CLANG_WARN_OBJC_LITERAL_CONVERSION = YES;
				CLANG_WARN_OBJC_ROOT_CLASS = YES_ERROR;
				CLANG_WARN_QUOTED_INCLUDE_IN_FRAMEWORK_HEADER = YES;
				CLANG_WARN_RANGE_LOOP_ANALYSIS = YES;
				CLANG_WARN_STRICT_PROTOTYPES = YES;
				CLANG_WARN_SUSPICIOUS_MOVE = YES;
				CLANG_WARN_UNGUARDED_AVAILABILITY = YES_AGGRESSIVE;
				CLANG_WARN_UNREACHABLE_CODE = YES;
				CLANG_WARN__DUPLICATE_METHOD_MATCH = YES;
				COPY_PHASE_STRIP = NO;
				DEBUG_INFORMATION_FORMAT = dwarf;
				ENABLE_STRICT_OBJC_MSGSEND = YES;
				ENABLE_TESTABILITY = YES;
				ENABLE_USER_SCRIPT_SANDBOXING = YES;
				GCC_C_LANGUAGE_STANDARD = gnu17;
				GCC_DYNAMIC_NO_PIC = NO;
				GCC_NO_COMMON_BLOCKS = YES;
				GCC_OPTIMIZATION_LEVEL = 0;
				GCC_PREPROCESSOR_DEFINITIONS = (
					"DEBUG=1",
					"$(inherited)",
				);
				GCC_WARN_64_TO_32_BIT_CONVERSION = YES;
				GCC_WARN_ABOUT_RETURN_TYPE = YES_ERROR;
				GCC_WARN_UNDECLARED_SELECTOR = YES;
				GCC_WARN_UNINITIALIZED_AUTOS = YES_AGGRESSIVE;
				GCC_WARN_UNUSED_FUNCTION = YES;
				GCC_WARN_UNUSED_VARIABLE = YES;
				IPHONEOS_DEPLOYMENT_TARGET = 13.0;
				LOCALIZATION_PREFERS_STRING_CATALOGS = YES;
				MTL_ENABLE_DEBUG_INFO = INCLUDE_SOURCE;
				MTL_FAST_MATH = YES;
				ONLY_ACTIVE_ARCH = YES;
				SDKROOT = iphoneos;
				SWIFT_ACTIVE_COMPILATION_CONDITIONS = "DEBUG $(inherited)";
				SWIFT_OPTIMIZATION_LEVEL = "-Onone";
			};
			name = Debug;
		};
		885A4E712B2DFCE900033B10 /* Release */ = {
			isa = XCBuildConfiguration;
			buildSettings = {
				ALWAYS_SEARCH_USER_PATHS = NO;
				ASSETCATALOG_COMPILER_GENERATE_SWIFT_ASSET_SYMBOL_EXTENSIONS = YES;
				CLANG_ANALYZER_NONNULL = YES;
				CLANG_ANALYZER_NUMBER_OBJECT_CONVERSION = YES_AGGRESSIVE;
				CLANG_CXX_LANGUAGE_STANDARD = "gnu++20";
				CLANG_ENABLE_MODULES = YES;
				CLANG_ENABLE_OBJC_ARC = YES;
				CLANG_ENABLE_OBJC_WEAK = YES;
				CLANG_WARN_BLOCK_CAPTURE_AUTORELEASING = YES;
				CLANG_WARN_BOOL_CONVERSION = YES;
				CLANG_WARN_COMMA = YES;
				CLANG_WARN_CONSTANT_CONVERSION = YES;
				CLANG_WARN_DEPRECATED_OBJC_IMPLEMENTATIONS = YES;
				CLANG_WARN_DIRECT_OBJC_ISA_USAGE = YES_ERROR;
				CLANG_WARN_DOCUMENTATION_COMMENTS = YES;
				CLANG_WARN_EMPTY_BODY = YES;
				CLANG_WARN_ENUM_CONVERSION = YES;
				CLANG_WARN_INFINITE_RECURSION = YES;
				CLANG_WARN_INT_CONVERSION = YES;
				CLANG_WARN_NON_LITERAL_NULL_CONVERSION = YES;
				CLANG_WARN_OBJC_IMPLICIT_RETAIN_SELF = YES;
				CLANG_WARN_OBJC_LITERAL_CONVERSION = YES;
				CLANG_WARN_OBJC_ROOT_CLASS = YES_ERROR;
				CLANG_WARN_QUOTED_INCLUDE_IN_FRAMEWORK_HEADER = YES;
				CLANG_WARN_RANGE_LOOP_ANALYSIS = YES;
				CLANG_WARN_STRICT_PROTOTYPES = YES;
				CLANG_WARN_SUSPICIOUS_MOVE = YES;
				CLANG_WARN_UNGUARDED_AVAILABILITY = YES_AGGRESSIVE;
				CLANG_WARN_UNREACHABLE_CODE = YES;
				CLANG_WARN__DUPLICATE_METHOD_MATCH = YES;
				COPY_PHASE_STRIP = NO;
				DEBUG_INFORMATION_FORMAT = "dwarf-with-dsym";
				ENABLE_NS_ASSERTIONS = NO;
				ENABLE_STRICT_OBJC_MSGSEND = YES;
				ENABLE_USER_SCRIPT_SANDBOXING = YES;
				GCC_C_LANGUAGE_STANDARD = gnu17;
				GCC_NO_COMMON_BLOCKS = YES;
				GCC_WARN_64_TO_32_BIT_CONVERSION = YES;
				GCC_WARN_ABOUT_RETURN_TYPE = YES_ERROR;
				GCC_WARN_UNDECLARED_SELECTOR = YES;
				GCC_WARN_UNINITIALIZED_AUTOS = YES_AGGRESSIVE;
				GCC_WARN_UNUSED_FUNCTION = YES;
				GCC_WARN_UNUSED_VARIABLE = YES;
				IPHONEOS_DEPLOYMENT_TARGET = 13.0;
				LOCALIZATION_PREFERS_STRING_CATALOGS = YES;
				MTL_ENABLE_DEBUG_INFO = NO;
				MTL_FAST_MATH = YES;
				SDKROOT = iphoneos;
				SWIFT_COMPILATION_MODE = wholemodule;
				VALIDATE_PRODUCT = YES;
			};
			name = Release;
		};
		885A4E732B2DFCE900033B10 /* Debug */ = {
			isa = XCBuildConfiguration;
			buildSettings = {
				ASSETCATALOG_COMPILER_APPICON_NAME = AppIcon;
				ASSETCATALOG_COMPILER_GLOBAL_ACCENT_COLOR_NAME = AccentColor;
				CODE_SIGN_STYLE = Automatic;
				CURRENT_PROJECT_VERSION = 1;
				GENERATE_INFOPLIST_FILE = YES;
				INFOPLIST_FILE = plantyApp/Info.plist;
				INFOPLIST_KEY_UIApplicationSupportsIndirectInputEvents = YES;
				INFOPLIST_KEY_UILaunchStoryboardName = LaunchScreen;
				INFOPLIST_KEY_UIMainStoryboardFile = Main;
				INFOPLIST_KEY_UISupportedInterfaceOrientations_iPad = "UIInterfaceOrientationPortrait UIInterfaceOrientationPortraitUpsideDown UIInterfaceOrientationLandscapeLeft UIInterfaceOrientationLandscapeRight";
				INFOPLIST_KEY_UISupportedInterfaceOrientations_iPhone = "UIInterfaceOrientationPortrait UIInterfaceOrientationLandscapeLeft UIInterfaceOrientationLandscapeRight";
				LD_RUNPATH_SEARCH_PATHS = (
					"$(inherited)",
					"@executable_path/Frameworks",
				);
				MARKETING_VERSION = 1.0;
				PRODUCT_BUNDLE_IDENTIFIER = plantyApp.plantyApp;
				PRODUCT_NAME = "$(TARGET_NAME)";
				SUPPORTED_PLATFORMS = "iphoneos iphonesimulator";
				SUPPORTS_MACCATALYST = NO;
				SUPPORTS_MAC_DESIGNED_FOR_IPHONE_IPAD = NO;
				SWIFT_EMIT_LOC_STRINGS = YES;
				SWIFT_VERSION = 5.0;
				TARGETED_DEVICE_FAMILY = 1;
			};
			name = Debug;
		};
		885A4E742B2DFCE900033B10 /* Release */ = {
			isa = XCBuildConfiguration;
			buildSettings = {
				ASSETCATALOG_COMPILER_APPICON_NAME = AppIcon;
				ASSETCATALOG_COMPILER_GLOBAL_ACCENT_COLOR_NAME = AccentColor;
				CODE_SIGN_STYLE = Automatic;
				CURRENT_PROJECT_VERSION = 1;
				GENERATE_INFOPLIST_FILE = YES;
				INFOPLIST_FILE = plantyApp/Info.plist;
				INFOPLIST_KEY_UIApplicationSupportsIndirectInputEvents = YES;
				INFOPLIST_KEY_UILaunchStoryboardName = LaunchScreen;
				INFOPLIST_KEY_UIMainStoryboardFile = Main;
				INFOPLIST_KEY_UISupportedInterfaceOrientations_iPad = "UIInterfaceOrientationPortrait UIInterfaceOrientationPortraitUpsideDown UIInterfaceOrientationLandscapeLeft UIInterfaceOrientationLandscapeRight";
				INFOPLIST_KEY_UISupportedInterfaceOrientations_iPhone = "UIInterfaceOrientationPortrait UIInterfaceOrientationLandscapeLeft UIInterfaceOrientationLandscapeRight";
				LD_RUNPATH_SEARCH_PATHS = (
					"$(inherited)",
					"@executable_path/Frameworks",
				);
				MARKETING_VERSION = 1.0;
				PRODUCT_BUNDLE_IDENTIFIER = plantyApp.plantyApp;
				PRODUCT_NAME = "$(TARGET_NAME)";
				SUPPORTED_PLATFORMS = "iphoneos iphonesimulator";
				SUPPORTS_MACCATALYST = NO;
				SUPPORTS_MAC_DESIGNED_FOR_IPHONE_IPAD = NO;
				SWIFT_EMIT_LOC_STRINGS = YES;
				SWIFT_VERSION = 5.0;
				TARGETED_DEVICE_FAMILY = 1;
			};
			name = Release;
		};
		885A4E762B2DFCE900033B10 /* Debug */ = {
			isa = XCBuildConfiguration;
			buildSettings = {
				ALWAYS_EMBED_SWIFT_STANDARD_LIBRARIES = YES;
				BUNDLE_LOADER = "$(TEST_HOST)";
				CODE_SIGN_STYLE = Automatic;
				CURRENT_PROJECT_VERSION = 1;
				GENERATE_INFOPLIST_FILE = YES;
				IPHONEOS_DEPLOYMENT_TARGET = 17.0;
				MARKETING_VERSION = 1.0;
				PRODUCT_BUNDLE_IDENTIFIER = plantyApp.plantyAppTests;
				PRODUCT_NAME = "$(TARGET_NAME)";
				SWIFT_EMIT_LOC_STRINGS = NO;
				SWIFT_VERSION = 5.0;
				TARGETED_DEVICE_FAMILY = "1,2";
				TEST_HOST = "$(BUILT_PRODUCTS_DIR)/plantyApp.app/$(BUNDLE_EXECUTABLE_FOLDER_PATH)/plantyApp";
			};
			name = Debug;
		};
		885A4E772B2DFCE900033B10 /* Release */ = {
			isa = XCBuildConfiguration;
			buildSettings = {
				ALWAYS_EMBED_SWIFT_STANDARD_LIBRARIES = YES;
				BUNDLE_LOADER = "$(TEST_HOST)";
				CODE_SIGN_STYLE = Automatic;
				CURRENT_PROJECT_VERSION = 1;
				GENERATE_INFOPLIST_FILE = YES;
				IPHONEOS_DEPLOYMENT_TARGET = 17.0;
				MARKETING_VERSION = 1.0;
				PRODUCT_BUNDLE_IDENTIFIER = plantyApp.plantyAppTests;
				PRODUCT_NAME = "$(TARGET_NAME)";
				SWIFT_EMIT_LOC_STRINGS = NO;
				SWIFT_VERSION = 5.0;
				TARGETED_DEVICE_FAMILY = "1,2";
				TEST_HOST = "$(BUILT_PRODUCTS_DIR)/plantyApp.app/$(BUNDLE_EXECUTABLE_FOLDER_PATH)/plantyApp";
			};
			name = Release;
		};
		885A4E792B2DFCE900033B10 /* Debug */ = {
			isa = XCBuildConfiguration;
			buildSettings = {
				ALWAYS_EMBED_SWIFT_STANDARD_LIBRARIES = YES;
				CODE_SIGN_STYLE = Automatic;
				CURRENT_PROJECT_VERSION = 1;
				GENERATE_INFOPLIST_FILE = YES;
				MARKETING_VERSION = 1.0;
				PRODUCT_BUNDLE_IDENTIFIER = plantyApp.plantyAppUITests;
				PRODUCT_NAME = "$(TARGET_NAME)";
				SWIFT_EMIT_LOC_STRINGS = NO;
				SWIFT_VERSION = 5.0;
				TARGETED_DEVICE_FAMILY = "1,2";
				TEST_TARGET_NAME = plantyApp;
			};
			name = Debug;
		};
		885A4E7A2B2DFCE900033B10 /* Release */ = {
			isa = XCBuildConfiguration;
			buildSettings = {
				ALWAYS_EMBED_SWIFT_STANDARD_LIBRARIES = YES;
				CODE_SIGN_STYLE = Automatic;
				CURRENT_PROJECT_VERSION = 1;
				GENERATE_INFOPLIST_FILE = YES;
				MARKETING_VERSION = 1.0;
				PRODUCT_BUNDLE_IDENTIFIER = plantyApp.plantyAppUITests;
				PRODUCT_NAME = "$(TARGET_NAME)";
				SWIFT_EMIT_LOC_STRINGS = NO;
				SWIFT_VERSION = 5.0;
				TARGETED_DEVICE_FAMILY = "1,2";
				TEST_TARGET_NAME = plantyApp;
			};
			name = Release;
		};
/* End XCBuildConfiguration section */

/* Begin XCConfigurationList section */
		885A4E432B2DFCE800033B10 /* Build configuration list for PBXProject "plantyApp" */ = {
			isa = XCConfigurationList;
			buildConfigurations = (
				885A4E702B2DFCE900033B10 /* Debug */,
				885A4E712B2DFCE900033B10 /* Release */,
			);
			defaultConfigurationIsVisible = 0;
			defaultConfigurationName = Release;
		};
		885A4E722B2DFCE900033B10 /* Build configuration list for PBXNativeTarget "plantyApp" */ = {
			isa = XCConfigurationList;
			buildConfigurations = (
				885A4E732B2DFCE900033B10 /* Debug */,
				885A4E742B2DFCE900033B10 /* Release */,
			);
			defaultConfigurationIsVisible = 0;
			defaultConfigurationName = Release;
		};
		885A4E752B2DFCE900033B10 /* Build configuration list for PBXNativeTarget "plantyAppTests" */ = {
			isa = XCConfigurationList;
			buildConfigurations = (
				885A4E762B2DFCE900033B10 /* Debug */,
				885A4E772B2DFCE900033B10 /* Release */,
			);
			defaultConfigurationIsVisible = 0;
			defaultConfigurationName = Release;
		};
		885A4E782B2DFCE900033B10 /* Build configuration list for PBXNativeTarget "plantyAppUITests" */ = {
			isa = XCConfigurationList;
			buildConfigurations = (
				885A4E792B2DFCE900033B10 /* Debug */,
				885A4E7A2B2DFCE900033B10 /* Release */,
			);
			defaultConfigurationIsVisible = 0;
			defaultConfigurationName = Release;
		};
/* End XCConfigurationList section */
	};
	rootObject = 885A4E402B2DFCE800033B10 /* Project object */;
}
